
Microsoft Visual Studio Solution File, Format Version 12.00
# Visual Studio Version 16
VisualStudioVersion = 16.0.30621.155
MinimumVisualStudioVersion = 10.0.40219.1
Project("{FAE04EC0-301F-11D3-BF4B-00C04F79EFBC}") = "Aeroporto WPF", "Aeroporto WPF\Aeroporto WPF.csproj", "{20A54C35-25A9-4C5B-B550-2DB60CCB85B7}"
EndProject
Global
	GlobalSection(SolutionConfigurationPlatforms) = preSolution
		Debug|Any CPU = Debug|Any CPU
		Release|Any CPU = Release|Any CPU
	EndGlobalSection
	GlobalSection(ProjectConfigurationPlatforms) = postSolution
		{20A54C35-25A9-4C5B-B550-2DB60CCB85B7}.Debug|Any CPU.ActiveCfg = Debug|Any CPU
		{20A54C35-25A9-4C5B-B550-2DB60CCB85B7}.Debug|Any CPU.Build.0 = Debug|Any CPU
		{20A54C35-25A9-4C5B-B550-2DB60CCB85B7}.Release|Any CPU.ActiveCfg = Release|Any CPU
		{20A54C35-25A9-4C5B-B550-2DB60CCB85B7}.Release|Any CPU.Build.0 = Release|Any CPU
	EndGlobalSection
	GlobalSection(SolutionProperties) = preSolution
		HideSolutionNode = FALSE
	EndGlobalSection
	GlobalSection(ExtensibilityGlobals) = postSolution
		SolutionGuid = {508E71B3-1BA2-4284-A55A-D16490CAF387}
	EndGlobalSection
EndGlobal
